
Microsoft Visual Studio Solution File, Format Version 12.00
# Visual Studio Version 16
VisualStudioVersion = 16.0.29215.179
MinimumVisualStudioVersion = 10.0.40219.1
Project("{9A19103F-16F7-4668-BE54-9A1E7A4F7556}") = "allfit-mobile-gateway", "allfit-mobile-gateway\allfit-mobile-gateway.csproj", "{E4FB3A91-E4BA-4676-B566-A96F859ABD8B}"
EndProject
Project("{9A19103F-16F7-4668-BE54-9A1E7A4F7556}") = "allfit-members-api", "allfit-members-api\allfit-members-api.csproj", "{E52FEFE1-52BF-4569-AC51-2506C58B3169}"
EndProject
Global
	GlobalSection(SolutionConfigurationPlatforms) = preSolution
		Debug|Any CPU = Debug|Any CPU
		Release|Any CPU = Release|Any CPU
	EndGlobalSection
	GlobalSection(ProjectConfigurationPlatforms) = postSolution
		{E4FB3A91-E4BA-4676-B566-A96F859ABD8B}.Debug|Any CPU.ActiveCfg = Debug|Any CPU
		{E4FB3A91-E4BA-4676-B566-A96F859ABD8B}.Debug|Any CPU.Build.0 = Debug|Any CPU
		{E4FB3A91-E4BA-4676-B566-A96F859ABD8B}.Release|Any CPU.ActiveCfg = Release|Any CPU
		{E4FB3A91-E4BA-4676-B566-A96F859ABD8B}.Release|Any CPU.Build.0 = Release|Any CPU
		{E52FEFE1-52BF-4569-AC51-2506C58B3169}.Debug|Any CPU.ActiveCfg = Debug|Any CPU
		{E52FEFE1-52BF-4569-AC51-2506C58B3169}.Debug|Any CPU.Build.0 = Debug|Any CPU
		{E52FEFE1-52BF-4569-AC51-2506C58B3169}.Release|Any CPU.ActiveCfg = Release|Any CPU
		{E52FEFE1-52BF-4569-AC51-2506C58B3169}.Release|Any CPU.Build.0 = Release|Any CPU
	EndGlobalSection
	GlobalSection(SolutionProperties) = preSolution
		HideSolutionNode = FALSE
	EndGlobalSection
	GlobalSection(ExtensibilityGlobals) = postSolution
		SolutionGuid = {885FC0BC-DEED-4DF8-BE1F-46F5033A397B}
	EndGlobalSection
EndGlobal
